{
	"name": "foo",
	"version": "0.0.0",
	"lockfileVersion": 2,
	"requires": true,
	"packages": {
		"": {
			"name": "foo",
			"version": "0.0.0",
			"devDependencies": {
				"@biomejs/biome": "1.8.3"
			}
		},
		"../../../../node_modules/.pnpm/@biomejs+biome@1.8.3/node_modules/@biomejs/biome": {
			"version": "1.8.3",
			"dev": true,
			"hasInstallScript": true,
			"license": "MIT OR Apache-2.0",
			"bin": {
				"biome": "bin/biome"
			},
			"engines": {
				"node": ">=14.21.3"
			},
			"funding": {
				"type": "opencollective",
				"url": "https://opencollective.com/biome"
			},
			"optionalDependencies": {
				"@biomejs/cli-darwin-arm64": "1.8.3",
				"@biomejs/cli-darwin-x64": "1.8.3",
				"@biomejs/cli-linux-arm64": "1.8.3",
				"@biomejs/cli-linux-arm64-musl": "1.8.3",
				"@biomejs/cli-linux-x64": "1.8.3",
				"@biomejs/cli-linux-x64-musl": "1.8.3",
				"@biomejs/cli-win32-arm64": "1.8.3",
				"@biomejs/cli-win32-x64": "1.8.3"
			}
		},
		"node_modules/@biomejs/biome": {
			"resolved": "../../../../node_modules/.pnpm/@biomejs+biome@1.8.3/node_modules/@biomejs/biome",
			"link": true
		}
	},
	"dependencies": {
		"@biomejs/biome": {
			"version": "file:../../../../node_modules/.pnpm/@biomejs+biome@1.8.3/node_modules/@biomejs/biome",
			"requires": {
				"@biomejs/cli-darwin-arm64": "1.8.3",
				"@biomejs/cli-darwin-x64": "1.8.3",
				"@biomejs/cli-linux-arm64": "1.8.3",
				"@biomejs/cli-linux-arm64-musl": "1.8.3",
				"@biomejs/cli-linux-x64": "1.8.3",
				"@biomejs/cli-linux-x64-musl": "1.8.3",
				"@biomejs/cli-win32-arm64": "1.8.3",
				"@biomejs/cli-win32-x64": "1.8.3"
			}
		}
	}
}
